
Microsoft Visual Studio Solution File, Format Version 12.00
# Visual Studio Version 16
VisualStudioVersion = 16.0.29806.167
MinimumVisualStudioVersion = 10.0.40219.1
Project("{FAE04EC0-301F-11D3-BF4B-00C04F79EFBC}") = "Base", "Base\Base.csproj", "{FE8AE3C2-7693-428E-AF95-681CDE792AE2}"
EndProject
Project("{9A19103F-16F7-4668-BE54-9A1E7A4F7556}") = "Console", "Console\Console.csproj", "{3966D0C1-264F-4F1C-AE36-AA6110353B5B}"
EndProject
Project("{9A19103F-16F7-4668-BE54-9A1E7A4F7556}") = "Core", "Core\Core.csproj", "{2F479D86-CDD1-4B35-8850-C2DCFE4965A7}"
EndProject
Project("{9A19103F-16F7-4668-BE54-9A1E7A4F7556}") = "Data", "Data\Data.csproj", "{136DF0B4-F7D3-416E-BE02-00DC53526072}"
EndProject
Project("{9A19103F-16F7-4668-BE54-9A1E7A4F7556}") = "Database", "Database\Database.csproj", "{3F847350-01B5-4FC9-8C03-6D5A3203FC59}"
EndProject
Project("{9A19103F-16F7-4668-BE54-9A1E7A4F7556}") = "Desktop", "Desktop\Desktop.csproj", "{66B1C8BC-1179-4E9B-BFF3-D887179D1C33}"
EndProject
Project("{9A19103F-16F7-4668-BE54-9A1E7A4F7556}") = "Model", "Model\Model.csproj", "{DC177705-1920-4C78-9D84-09C4FE5CDFE2}"
EndProject
Project("{9A19103F-16F7-4668-BE54-9A1E7A4F7556}") = "Web", "Web\Web.csproj", "{E9542794-5121-4E1C-9E94-B3D896BBC9C8}"
EndProject

Global
	GlobalSection(SolutionConfigurationPlatforms) = preSolution
		Debug|Any CPU = Debug|Any CPU
		Release|Any CPU = Release|Any CPU
	EndGlobalSection
	GlobalSection(ProjectConfigurationPlatforms) = postSolution
		{3966D0C1-264F-4F1C-AE36-AA6110353B5B}.Debug|Any CPU.ActiveCfg = Debug|Any CPU
		{3966D0C1-264F-4F1C-AE36-AA6110353B5B}.Debug|Any CPU.Build.0 = Debug|Any CPU
		{3966D0C1-264F-4F1C-AE36-AA6110353B5B}.Release|Any CPU.ActiveCfg = Release|Any CPU
		{3966D0C1-264F-4F1C-AE36-AA6110353B5B}.Release|Any CPU.Build.0 = Release|Any CPU
		{66B1C8BC-1179-4E9B-BFF3-D887179D1C33}.Debug|Any CPU.ActiveCfg = Debug|Any CPU
		{66B1C8BC-1179-4E9B-BFF3-D887179D1C33}.Debug|Any CPU.Build.0 = Debug|Any CPU
		{66B1C8BC-1179-4E9B-BFF3-D887179D1C33}.Release|Any CPU.ActiveCfg = Release|Any CPU
		{66B1C8BC-1179-4E9B-BFF3-D887179D1C33}.Release|Any CPU.Build.0 = Release|Any CPU
		{2F479D86-CDD1-4B35-8850-C2DCFE4965A7}.Debug|Any CPU.ActiveCfg = Debug|Any CPU
		{2F479D86-CDD1-4B35-8850-C2DCFE4965A7}.Debug|Any CPU.Build.0 = Debug|Any CPU
		{2F479D86-CDD1-4B35-8850-C2DCFE4965A7}.Release|Any CPU.ActiveCfg = Release|Any CPU
		{2F479D86-CDD1-4B35-8850-C2DCFE4965A7}.Release|Any CPU.Build.0 = Release|Any CPU
		{DC177705-1920-4C78-9D84-09C4FE5CDFE2}.Debug|Any CPU.ActiveCfg = Debug|Any CPU
		{DC177705-1920-4C78-9D84-09C4FE5CDFE2}.Debug|Any CPU.Build.0 = Debug|Any CPU
		{DC177705-1920-4C78-9D84-09C4FE5CDFE2}.Release|Any CPU.ActiveCfg = Release|Any CPU
		{DC177705-1920-4C78-9D84-09C4FE5CDFE2}.Release|Any CPU.Build.0 = Release|Any CPU
		{3F847350-01B5-4FC9-8C03-6D5A3203FC59}.Debug|Any CPU.ActiveCfg = Debug|Any CPU
		{3F847350-01B5-4FC9-8C03-6D5A3203FC59}.Debug|Any CPU.Build.0 = Debug|Any CPU
		{3F847350-01B5-4FC9-8C03-6D5A3203FC59}.Release|Any CPU.ActiveCfg = Release|Any CPU
		{3F847350-01B5-4FC9-8C03-6D5A3203FC59}.Release|Any CPU.Build.0 = Release|Any CPU
		{E9542794-5121-4E1C-9E94-B3D896BBC9C8}.Debug|Any CPU.ActiveCfg = Debug|Any CPU
		{E9542794-5121-4E1C-9E94-B3D896BBC9C8}.Debug|Any CPU.Build.0 = Debug|Any CPU
		{E9542794-5121-4E1C-9E94-B3D896BBC9C8}.Release|Any CPU.ActiveCfg = Release|Any CPU
		{E9542794-5121-4E1C-9E94-B3D896BBC9C8}.Release|Any CPU.Build.0 = Release|Any CPU
		{136DF0B4-F7D3-416E-BE02-00DC53526072}.Debug|Any CPU.ActiveCfg = Debug|Any CPU
		{136DF0B4-F7D3-416E-BE02-00DC53526072}.Debug|Any CPU.Build.0 = Debug|Any CPU
		{136DF0B4-F7D3-416E-BE02-00DC53526072}.Release|Any CPU.ActiveCfg = Release|Any CPU
		{136DF0B4-F7D3-416E-BE02-00DC53526072}.Release|Any CPU.Build.0 = Release|Any CPU
		{FE8AE3C2-7693-428E-AF95-681CDE792AE2}.Debug|Any CPU.ActiveCfg = Debug|Any CPU
		{FE8AE3C2-7693-428E-AF95-681CDE792AE2}.Debug|Any CPU.Build.0 = Debug|Any CPU
		{FE8AE3C2-7693-428E-AF95-681CDE792AE2}.Release|Any CPU.ActiveCfg = Release|Any CPU
		{FE8AE3C2-7693-428E-AF95-681CDE792AE2}.Release|Any CPU.Build.0 = Release|Any CPU
	EndGlobalSection
	GlobalSection(SolutionProperties) = preSolution
		HideSolutionNode = FALSE
	EndGlobalSection
	GlobalSection(ExtensibilityGlobals) = postSolution
		SolutionGuid = {75741BD2-32E1-41B3-8B5D-41EF8FA40B60}
	EndGlobalSection
EndGlobal
